
Microsoft Visual Studio Solution File, Format Version 12.00
# Visual Studio Version 16
VisualStudioVersion = 16.0.29905.134
MinimumVisualStudioVersion = 10.0.40219.1
Project("{FAE04EC0-301F-11D3-BF4B-00C04F79EFBC}") = "HelloWorld", "HelloWorld.csproj", "{AFECBB63-FEE3-4FAE-AB31-8EDD96114EBE}"
EndProject
Global
	GlobalSection(SolutionConfigurationPlatforms) = preSolution
		Debug|Any CPU = Debug|Any CPU
		Release|Any CPU = Release|Any CPU
	EndGlobalSection
	GlobalSection(ProjectConfigurationPlatforms) = postSolution
		{AFECBB63-FEE3-4FAE-AB31-8EDD96114EBE}.Debug|Any CPU.ActiveCfg = Debug|Any CPU
		{AFECBB63-FEE3-4FAE-AB31-8EDD96114EBE}.Debug|Any CPU.Build.0 = Debug|Any CPU
		{AFECBB63-FEE3-4FAE-AB31-8EDD96114EBE}.Release|Any CPU.ActiveCfg = Release|Any CPU
		{AFECBB63-FEE3-4FAE-AB31-8EDD96114EBE}.Release|Any CPU.Build.0 = Release|Any CPU
	EndGlobalSection
	GlobalSection(SolutionProperties) = preSolution
		HideSolutionNode = FALSE
	EndGlobalSection
	GlobalSection(ExtensibilityGlobals) = postSolution
		SolutionGuid = {91FFB117-E1F6-4A90-98BB-D8D28A2431DA}
	EndGlobalSection
EndGlobal
